
Microsoft Visual Studio Solution File, Format Version 12.00
# Visual Studio Version 17
VisualStudioVersion = 17.11.35208.52
MinimumVisualStudioVersion = 10.0.40219.1
Project("{FAE04EC0-301F-11D3-BF4B-00C04F79EFBC}") = "ExterOS", "ExterOS\ExterOS.csproj", "{BFF28AE3-F85C-4955-9E80-759FBA168946}"
EndProject
Global
	GlobalSection(SolutionConfigurationPlatforms) = preSolution
		Debug|Any CPU = Debug|Any CPU
		Release|Any CPU = Release|Any CPU
	EndGlobalSection
	GlobalSection(ProjectConfigurationPlatforms) = postSolution
		{BFF28AE3-F85C-4955-9E80-759FBA168946}.Debug|Any CPU.ActiveCfg = Debug|Any CPU
		{BFF28AE3-F85C-4955-9E80-759FBA168946}.Debug|Any CPU.Build.0 = Debug|Any CPU
		{BFF28AE3-F85C-4955-9E80-759FBA168946}.Release|Any CPU.ActiveCfg = Release|Any CPU
		{BFF28AE3-F85C-4955-9E80-759FBA168946}.Release|Any CPU.Build.0 = Release|Any CPU
	EndGlobalSection
	GlobalSection(SolutionProperties) = preSolution
		HideSolutionNode = FALSE
	EndGlobalSection
	GlobalSection(ExtensibilityGlobals) = postSolution
		SolutionGuid = {FE6A9F7B-3B4D-4F96-82AB-339A763C9886}
	EndGlobalSection
EndGlobal
